
Microsoft Visual Studio Solution File, Format Version 12.00
# Visual Studio Version 17
VisualStudioVersion = 17.10.34928.147
MinimumVisualStudioVersion = 10.0.40219.1
Project("{FAE04EC0-301F-11D3-BF4B-00C04F79EFBC}") = "Application", "Application\Application.csproj", "{C2F4C170-F2DA-41EA-A157-E2147A8CCAB6}"
EndProject
Global
	GlobalSection(SolutionConfigurationPlatforms) = preSolution
		Debug|Any CPU = Debug|Any CPU
		Release|Any CPU = Release|Any CPU
	EndGlobalSection
	GlobalSection(ProjectConfigurationPlatforms) = postSolution
		{C2F4C170-F2DA-41EA-A157-E2147A8CCAB6}.Debug|Any CPU.ActiveCfg = Debug|Any CPU
		{C2F4C170-F2DA-41EA-A157-E2147A8CCAB6}.Debug|Any CPU.Build.0 = Debug|Any CPU
		{C2F4C170-F2DA-41EA-A157-E2147A8CCAB6}.Release|Any CPU.ActiveCfg = Release|Any CPU
		{C2F4C170-F2DA-41EA-A157-E2147A8CCAB6}.Release|Any CPU.Build.0 = Release|Any CPU
	EndGlobalSection
	GlobalSection(SolutionProperties) = preSolution
		HideSolutionNode = FALSE
	EndGlobalSection
	GlobalSection(ExtensibilityGlobals) = postSolution
		SolutionGuid = {C07C2014-BF02-48EB-A296-6461FFF6C396}
	EndGlobalSection
EndGlobal
